
Microsoft Visual Studio Solution File, Format Version 12.00
# Visual Studio 15
VisualStudioVersion = 15.0.27130.2036
MinimumVisualStudioVersion = 10.0.40219.1
Project("{FAE04EC0-301F-11D3-BF4B-00C04F79EFBC}") = "JobSite", "JobSite\JobSite.csproj", "{FC45ABC0-DAF6-43EB-AC2D-DF9A46207826}"
EndProject
Global
	GlobalSection(SolutionConfigurationPlatforms) = preSolution
		Debug|Any CPU = Debug|Any CPU
		Release|Any CPU = Release|Any CPU
	EndGlobalSection
	GlobalSection(ProjectConfigurationPlatforms) = postSolution
		{FC45ABC0-DAF6-43EB-AC2D-DF9A46207826}.Debug|Any CPU.ActiveCfg = Debug|Any CPU
		{FC45ABC0-DAF6-43EB-AC2D-DF9A46207826}.Debug|Any CPU.Build.0 = Debug|Any CPU
		{FC45ABC0-DAF6-43EB-AC2D-DF9A46207826}.Release|Any CPU.ActiveCfg = Release|Any CPU
		{FC45ABC0-DAF6-43EB-AC2D-DF9A46207826}.Release|Any CPU.Build.0 = Release|Any CPU
	EndGlobalSection
	GlobalSection(SolutionProperties) = preSolution
		HideSolutionNode = FALSE
	EndGlobalSection
	GlobalSection(ExtensibilityGlobals) = postSolution
		SolutionGuid = {A7020993-060B-48FA-B509-E5BEF59A715A}
	EndGlobalSection
EndGlobal
